Microsoft Visual Studio Solution File, Format Version 12.00
# Visual Studio Version 17
VisualStudioVersion = 17.0.31912.275
MinimumVisualStudioVersion = 10.0.40219.1
Project("{8BC9CEB8-8B4A-11D0-8D11-00A0C91BC942}") = "MediaExplorer", "MediaExplorer.vcxproj", "{F6F9A1E5-AD81-4B5C-BC61-2EAC0F6AF9A3}"
EndProject
Global
	GlobalSection(SolutionConfigurationPlatforms) = preSolution
		Debug|x64 = Debug|x64
		Release|x64 = Release|x64
	EndGlobalSection
	GlobalSection(ProjectConfigurationPlatforms) = postSolution
		{F6F9A1E5-AD81-4B5C-BC61-2EAC0F6AF9A3}.Debug|x64.ActiveCfg = Debug|x64
		{F6F9A1E5-AD81-4B5C-BC61-2EAC0F6AF9A3}.Debug|x64.Build.0 = Debug|x64
		{F6F9A1E5-AD81-4B5C-BC61-2EAC0F6AF9A3}.Release|x64.ActiveCfg = Release|x64
		{F6F9A1E5-AD81-4B5C-BC61-2EAC0F6AF9A3}.Release|x64.Build.0 = Release|x64
	EndGlobalSection
	GlobalSection(SolutionProperties) = preSolution
		HideSolutionNode = FALSE
	EndGlobalSection
	GlobalSection(ExtensibilityGlobals) = postSolution
		SolutionGuid = {A6217BA0-882E-47F3-8ACD-4734FCDE34AD}
	EndGlobalSection
EndGlobal
